
Microsoft Visual Studio Solution File, Format Version 12.00
# Visual Studio Version 16
VisualStudioVersion = 16.0.30104.148
MinimumVisualStudioVersion = 10.0.40219.1
Project("{8BC9CEB8-8B4A-11D0-8D11-00A0C91BC942}") = "C++作业编程5", "C++作业编程5\C++作业编程5.vcxproj", "{9650FC1E-7022-4F18-B51E-14A2B1A13FC5}"
EndProject
Global
	GlobalSection(SolutionConfigurationPlatforms) = preSolution
		Debug|x64 = Debug|x64
		Debug|x86 = Debug|x86
		Release|x64 = Release|x64
		Release|x86 = Release|x86
	EndGlobalSection
	GlobalSection(ProjectConfigurationPlatforms) = postSolution
		{9650FC1E-7022-4F18-B51E-14A2B1A13FC5}.Debug|x64.ActiveCfg = Debug|x64
		{9650FC1E-7022-4F18-B51E-14A2B1A13FC5}.Debug|x64.Build.0 = Debug|x64
		{9650FC1E-7022-4F18-B51E-14A2B1A13FC5}.Debug|x86.ActiveCfg = Debug|Win32
		{9650FC1E-7022-4F18-B51E-14A2B1A13FC5}.Debug|x86.Build.0 = Debug|Win32
		{9650FC1E-7022-4F18-B51E-14A2B1A13FC5}.Release|x64.ActiveCfg = Release|x64
		{9650FC1E-7022-4F18-B51E-14A2B1A13FC5}.Release|x64.Build.0 = Release|x64
		{9650FC1E-7022-4F18-B51E-14A2B1A13FC5}.Release|x86.ActiveCfg = Release|Win32
		{9650FC1E-7022-4F18-B51E-14A2B1A13FC5}.Release|x86.Build.0 = Release|Win32
	EndGlobalSection
	GlobalSection(SolutionProperties) = preSolution
		HideSolutionNode = FALSE
	EndGlobalSection
	GlobalSection(ExtensibilityGlobals) = postSolution
		SolutionGuid = {86ED3EEC-4771-46F2-A717-7AF102E9F549}
	EndGlobalSection
EndGlobal
